// !$*UTF8*$!
{
	archiveVersion = 1;
	classes = {
	};
	objectVersion = 50;
	objects = {

/* Begin PBXBuildFile section */
		67558DB32577B9B00001EA0C /* main.swift in Sources */ = {isa = PBXBuildFile; fileRef = 67558DB22577B9B00001EA0C /* main.swift */; };
		67558DBA2578F8F00001EA0C /* aoc_puzzle1.swift in Sources */ = {isa = PBXBuildFile; fileRef = 67558DB92578F8F00001EA0C /* aoc_puzzle1.swift */; };
		67558DC02579032B0001EA0C /* aoc_puzzle2.swift in Sources */ = {isa = PBXBuildFile; fileRef = 67558DBF2579032B0001EA0C /* aoc_puzzle2.swift */; };
		67558DC5257918B90001EA0C /* util.swift in Sources */ = {isa = PBXBuildFile; fileRef = 67558DC4257918B90001EA0C /* util.swift */; };
		67558DC825794D4E0001EA0C /* aoc_puzzle3.swift in Sources */ = {isa = PBXBuildFile; fileRef = 67558DC725794D4E0001EA0C /* aoc_puzzle3.swift */; };
		67558DCB257A3D290001EA0C /* aoc_puzzle4.swift in Sources */ = {isa = PBXBuildFile; fileRef = 67558DCA257A3D290001EA0C /* aoc_puzzle4.swift */; };
		67558DFB257BB5F80001EA0C /* aoc_puzzle5.swift in Sources */ = {isa = PBXBuildFile; fileRef = 67558DFA257BB5F80001EA0C /* aoc_puzzle5.swift */; };
		67558DFE257EC1C10001EA0C /* aoc_puzzle6.swift in Sources */ = {isa = PBXBuildFile; fileRef = 67558DFD257EC1C10001EA0C /* aoc_puzzle6.swift */; };
		67558E01257FA2C50001EA0C /* aoc_puzzle7.swift in Sources */ = {isa = PBXBuildFile; fileRef = 67558E00257FA2C50001EA0C /* aoc_puzzle7.swift */; };
		67558E0425800D110001EA0C /* aoc_puzzle8.swift in Sources */ = {isa = PBXBuildFile; fileRef = 67558E0325800D110001EA0C /* aoc_puzzle8.swift */; };
		67558E0725815C6B0001EA0C /* aoc_puzzle9.swift in Sources */ = {isa = PBXBuildFile; fileRef = 67558E0625815C6B0001EA0C /* aoc_puzzle9.swift */; };
		678B546D27575B3300E476EA /* 1.swift in Sources */ = {isa = PBXBuildFile; fileRef = 678B546C27575B3300E476EA /* 1.swift */; };
		678B546F2758A91100E476EA /* 2.swift in Sources */ = {isa = PBXBuildFile; fileRef = 678B546E2758A91100E476EA /* 2.swift */; };
		67B12666275E0097006E88CA /* 6.swift in Sources */ = {isa = PBXBuildFile; fileRef = 67B12665275E0097006E88CA /* 6.swift */; };
		67E6768B2759F304006D0A79 /* 3.swift in Sources */ = {isa = PBXBuildFile; fileRef = 67E6768A2759F304006D0A79 /* 3.swift */; };
		67E6768D275B52A5006D0A79 /* 4.swift in Sources */ = {isa = PBXBuildFile; fileRef = 67E6768C275B52A5006D0A79 /* 4.swift */; };
		67E6768F275C96D5006D0A79 /* 5.swift in Sources */ = {isa = PBXBuildFile; fileRef = 67E6768E275C96D5006D0A79 /* 5.swift */; };
/* End PBXBuildFile section */

/* Begin PBXCopyFilesBuildPhase section */
		67558DAD2577B9B00001EA0C /* CopyFiles */ = {
			isa = PBXCopyFilesBuildPhase;
			buildActionMask = 2147483647;
			dstPath = /usr/share/man/man1/;
			dstSubfolderSpec = 0;
			files = (
			);
			runOnlyForDeploymentPostprocessing = 1;
		};
/* End PBXCopyFilesBuildPhase section */

/* Begin PBXFileReference section */
		67558DB22577B9B00001EA0C /* main.swift */ = {isa = PBXFileReference; lastKnownFileType = sourcecode.swift; path = main.swift; sourceTree = "<group>"; };
		67558DB92578F8F00001EA0C /* aoc_puzzle1.swift */ = {isa = PBXFileReference; lastKnownFileType = sourcecode.swift; path = aoc_puzzle1.swift; sourceTree = "<group>"; };
		67558DBF2579032B0001EA0C /* aoc_puzzle2.swift */ = {isa = PBXFileReference; lastKnownFileType = sourcecode.swift; path = aoc_puzzle2.swift; sourceTree = "<group>"; };
		67558DC4257918B90001EA0C /* util.swift */ = {isa = PBXFileReference; lastKnownFileType = sourcecode.swift; path = util.swift; sourceTree = "<group>"; };
		67558DC725794D4E0001EA0C /* aoc_puzzle3.swift */ = {isa = PBXFileReference; lastKnownFileType = sourcecode.swift; path = aoc_puzzle3.swift; sourceTree = "<group>"; };
		67558DCA257A3D290001EA0C /* aoc_puzzle4.swift */ = {isa = PBXFileReference; lastKnownFileType = sourcecode.swift; path = aoc_puzzle4.swift; sourceTree = "<group>"; };
		67558DF0257A56030001EA0C /* advent_of_code */ = {isa = PBXFileReference; explicitFileType = "compiled.mach-o.executable"; includeInIndex = 0; path = advent_of_code; sourceTree = BUILT_PRODUCTS_DIR; };
		67558DF1257A56030001EA0C /* inputs.bundle */ = {isa = PBXFileReference; explicitFileType = wrapper.cfbundle; includeInIndex = 0; path = inputs.bundle; sourceTree = BUILT_PRODUCTS_DIR; };
		67558DF2257A56030001EA0C /* ok.bundle */ = {isa = PBXFileReference; explicitFileType = wrapper.cfbundle; includeInIndex = 0; path = ok.bundle; sourceTree = BUILT_PRODUCTS_DIR; };
		67558DF8257A75580001EA0C /* inputs */ = {isa = PBXFileReference; lastKnownFileType = folder; path = inputs; sourceTree = "<group>"; };
		67558DFA257BB5F80001EA0C /* aoc_puzzle5.swift */ = {isa = PBXFileReference; lastKnownFileType = sourcecode.swift; path = aoc_puzzle5.swift; sourceTree = "<group>"; };
		67558DFD257EC1C10001EA0C /* aoc_puzzle6.swift */ = {isa = PBXFileReference; lastKnownFileType = sourcecode.swift; path = aoc_puzzle6.swift; sourceTree = "<group>"; };
		67558E00257FA2C50001EA0C /* aoc_puzzle7.swift */ = {isa = PBXFileReference; lastKnownFileType = sourcecode.swift; path = aoc_puzzle7.swift; sourceTree = "<group>"; };
		67558E0325800D110001EA0C /* aoc_puzzle8.swift */ = {isa = PBXFileReference; lastKnownFileType = sourcecode.swift; path = aoc_puzzle8.swift; sourceTree = "<group>"; };
		67558E0625815C6B0001EA0C /* aoc_puzzle9.swift */ = {isa = PBXFileReference; lastKnownFileType = sourcecode.swift; path = aoc_puzzle9.swift; sourceTree = "<group>"; };
		678B546C27575B3300E476EA /* 1.swift */ = {isa = PBXFileReference; lastKnownFileType = sourcecode.swift; path = 1.swift; sourceTree = "<group>"; };
		678B546E2758A91100E476EA /* 2.swift */ = {isa = PBXFileReference; lastKnownFileType = sourcecode.swift; path = 2.swift; sourceTree = "<group>"; };
		67B12665275E0097006E88CA /* 6.swift */ = {isa = PBXFileReference; lastKnownFileType = sourcecode.swift; path = 6.swift; sourceTree = "<group>"; };
		67E6768A2759F304006D0A79 /* 3.swift */ = {isa = PBXFileReference; lastKnownFileType = sourcecode.swift; path = 3.swift; sourceTree = "<group>"; };
		67E6768C275B52A5006D0A79 /* 4.swift */ = {isa = PBXFileReference; lastKnownFileType = sourcecode.swift; path = 4.swift; sourceTree = "<group>"; };
		67E6768E275C96D5006D0A79 /* 5.swift */ = {isa = PBXFileReference; lastKnownFileType = sourcecode.swift; path = 5.swift; sourceTree = "<group>"; };
/* End PBXFileReference section */

/* Begin PBXFrameworksBuildPhase section */
		67558DAC2577B9B00001EA0C /* Frameworks */ = {
			isa = PBXFrameworksBuildPhase;
			buildActionMask = 2147483647;
			files = (
			);
			runOnlyForDeploymentPostprocessing = 0;
		};
		67558DD5257A4C860001EA0C /* Frameworks */ = {
			isa = PBXFrameworksBuildPhase;
			buildActionMask = 2147483647;
			files = (
			);
			runOnlyForDeploymentPostprocessing = 0;
		};
		67558DE7257A51A50001EA0C /* Frameworks */ = {
			isa = PBXFrameworksBuildPhase;
			buildActionMask = 2147483647;
			files = (
			);
			runOnlyForDeploymentPostprocessing = 0;
		};
/* End PBXFrameworksBuildPhase section */

/* Begin PBXGroup section */
		67558DA62577B9B00001EA0C = {
			isa = PBXGroup;
			children = (
				67558DB22577B9B00001EA0C /* main.swift */,
				67558DC4257918B90001EA0C /* util.swift */,
				67558DF8257A75580001EA0C /* inputs */,
				678B546B27575B2300E476EA /* advent_of_code_2021 */,
				67558DB12577B9B00001EA0C /* advent_of_code_2020 */,
				67558DF0257A56030001EA0C /* advent_of_code */,
				67558DF1257A56030001EA0C /* inputs.bundle */,
				67558DF2257A56030001EA0C /* ok.bundle */,
			);
			sourceTree = "<group>";
		};
		67558DB12577B9B00001EA0C /* advent_of_code_2020 */ = {
			isa = PBXGroup;
			children = (
				67558E0525815C510001EA0C /* day9 */,
				67558E0225800CFD0001EA0C /* day8 */,
				67558DFF257FA2AF0001EA0C /* day7 */,
				67558DFC257EC1AD0001EA0C /* day6 */,
				67558DF9257BB5DA0001EA0C /* day5 */,
				67558DC9257A3D110001EA0C /* day4 */,
				67558DC625794D270001EA0C /* day3 */,
				67558DBC257903040001EA0C /* day2 */,
				67558DBB2578FC0D0001EA0C /* day1 */,
			);
			path = advent_of_code_2020;
			sourceTree = "<group>";
		};
		67558DBB2578FC0D0001EA0C /* day1 */ = {
			isa = PBXGroup;
			children = (
				67558DB92578F8F00001EA0C /* aoc_puzzle1.swift */,
			);
			path = day1;
			sourceTree = "<group>";
		};
		67558DBC257903040001EA0C /* day2 */ = {
			isa = PBXGroup;
			children = (
				67558DBF2579032B0001EA0C /* aoc_puzzle2.swift */,
			);
			path = day2;
			sourceTree = "<group>";
		};
		67558DC625794D270001EA0C /* day3 */ = {
			isa = PBXGroup;
			children = (
				67558DC725794D4E0001EA0C /* aoc_puzzle3.swift */,
			);
			path = day3;
			sourceTree = "<group>";
		};
		67558DC9257A3D110001EA0C /* day4 */ = {
			isa = PBXGroup;
			children = (
				67558DCA257A3D290001EA0C /* aoc_puzzle4.swift */,
			);
			path = day4;
			sourceTree = "<group>";
		};
		67558DF9257BB5DA0001EA0C /* day5 */ = {
			isa = PBXGroup;
			children = (
				67558DFA257BB5F80001EA0C /* aoc_puzzle5.swift */,
			);
			path = day5;
			sourceTree = "<group>";
		};
		67558DFC257EC1AD0001EA0C /* day6 */ = {
			isa = PBXGroup;
			children = (
				67558DFD257EC1C10001EA0C /* aoc_puzzle6.swift */,
			);
			path = day6;
			sourceTree = "<group>";
		};
		67558DFF257FA2AF0001EA0C /* day7 */ = {
			isa = PBXGroup;
			children = (
				67558E00257FA2C50001EA0C /* aoc_puzzle7.swift */,
			);
			path = day7;
			sourceTree = "<group>";
		};
		67558E0225800CFD0001EA0C /* day8 */ = {
			isa = PBXGroup;
			children = (
				67558E0325800D110001EA0C /* aoc_puzzle8.swift */,
			);
			path = day8;
			sourceTree = "<group>";
		};
		67558E0525815C510001EA0C /* day9 */ = {
			isa = PBXGroup;
			children = (
				67558E0625815C6B0001EA0C /* aoc_puzzle9.swift */,
			);
			path = day9;
			sourceTree = "<group>";
		};
		678B546B27575B2300E476EA /* advent_of_code_2021 */ = {
			isa = PBXGroup;
			children = (
				678B546C27575B3300E476EA /* 1.swift */,
				678B546E2758A91100E476EA /* 2.swift */,
				67E6768A2759F304006D0A79 /* 3.swift */,
				67E6768C275B52A5006D0A79 /* 4.swift */,
				67E6768E275C96D5006D0A79 /* 5.swift */,
				67B12665275E0097006E88CA /* 6.swift */,
			);
			path = advent_of_code_2021;
			sourceTree = "<group>";
		};
/* End PBXGroup section */

/* Begin PBXNativeTarget section */
		67558DAE2577B9B00001EA0C /* advent_of_code */ = {
			isa = PBXNativeTarget;
			buildConfigurationList = 67558DB62577B9B00001EA0C /* Build configuration list for PBXNativeTarget "advent_of_code" */;
			buildPhases = (
				67558DAB2577B9B00001EA0C /* Sources */,
				67558DAC2577B9B00001EA0C /* Frameworks */,
				67558DAD2577B9B00001EA0C /* CopyFiles */,
			);
			buildRules = (
			);
			dependencies = (
			);
			name = advent_of_code;
			productName = advent_of_code_2020;
			productReference = 67558DF0257A56030001EA0C /* advent_of_code */;
			productType = "com.apple.product-type.tool";
		};
		67558DD7257A4C860001EA0C /* inputs */ = {
			isa = PBXNativeTarget;
			buildConfigurationList = 67558DDB257A4C860001EA0C /* Build configuration list for PBXNativeTarget "inputs" */;
			buildPhases = (
				67558DD4257A4C860001EA0C /* Sources */,
				67558DD5257A4C860001EA0C /* Frameworks */,
				67558DD6257A4C860001EA0C /* Resources */,
			);
			buildRules = (
			);
			dependencies = (
			);
			name = inputs;
			productName = inputs;
			productReference = 67558DF1257A56030001EA0C /* inputs.bundle */;
			productType = "com.apple.product-type.bundle";
		};
		67558DE9257A51A50001EA0C /* ok */ = {
			isa = PBXNativeTarget;
			buildConfigurationList = 67558DED257A51A50001EA0C /* Build configuration list for PBXNativeTarget "ok" */;
			buildPhases = (
				67558DE6257A51A50001EA0C /* Sources */,
				67558DE7257A51A50001EA0C /* Frameworks */,
				67558DE8257A51A50001EA0C /* Resources */,
			);
			buildRules = (
			);
			dependencies = (
			);
			name = ok;
			productName = ok;
			productReference = 67558DF2257A56030001EA0C /* ok.bundle */;
			productType = "com.apple.product-type.bundle";
		};
/* End PBXNativeTarget section */

/* Begin PBXProject section */
		67558DA72577B9B00001EA0C /* Project object */ = {
			isa = PBXProject;
			attributes = {
				LastSwiftUpdateCheck = 1120;
				LastUpgradeCheck = 1120;
				ORGANIZATIONNAME = thomas;
				TargetAttributes = {
					67558DAE2577B9B00001EA0C = {
						CreatedOnToolsVersion = 11.2;
					};
					67558DD7257A4C860001EA0C = {
						CreatedOnToolsVersion = 11.2;
					};
					67558DE9257A51A50001EA0C = {
						CreatedOnToolsVersion = 11.2;
					};
				};
			};
			buildConfigurationList = 67558DAA2577B9B00001EA0C /* Build configuration list for PBXProject "advent_of_code" */;
			compatibilityVersion = "Xcode 9.3";
			developmentRegion = en;
			hasScannedForEncodings = 0;
			knownRegions = (
				en,
				Base,
			);
			mainGroup = 67558DA62577B9B00001EA0C;
			productRefGroup = 67558DA62577B9B00001EA0C;
			projectDirPath = "";
			projectRoot = "";
			targets = (
				67558DAE2577B9B00001EA0C /* advent_of_code */,
				67558DD7257A4C860001EA0C /* inputs */,
				67558DE9257A51A50001EA0C /* ok */,
			);
		};
/* End PBXProject section */

/* Begin PBXResourcesBuildPhase section */
		67558DD6257A4C860001EA0C /* Resources */ = {
			isa = PBXResourcesBuildPhase;
			buildActionMask = 2147483647;
			files = (
			);
			runOnlyForDeploymentPostprocessing = 0;
		};
		67558DE8257A51A50001EA0C /* Resources */ = {
			isa = PBXResourcesBuildPhase;
			buildActionMask = 2147483647;
			files = (
			);
			runOnlyForDeploymentPostprocessing = 0;
		};
/* End PBXResourcesBuildPhase section */

/* Begin PBXSourcesBuildPhase section */
		67558DAB2577B9B00001EA0C /* Sources */ = {
			isa = PBXSourcesBuildPhase;
			buildActionMask = 2147483647;
			files = (
				67558E0425800D110001EA0C /* aoc_puzzle8.swift in Sources */,
				67558DC825794D4E0001EA0C /* aoc_puzzle3.swift in Sources */,
				67558DFB257BB5F80001EA0C /* aoc_puzzle5.swift in Sources */,
				67E6768D275B52A5006D0A79 /* 4.swift in Sources */,
				678B546D27575B3300E476EA /* 1.swift in Sources */,
				678B546F2758A91100E476EA /* 2.swift in Sources */,
				67558DB32577B9B00001EA0C /* main.swift in Sources */,
				67E6768F275C96D5006D0A79 /* 5.swift in Sources */,
				67558DBA2578F8F00001EA0C /* aoc_puzzle1.swift in Sources */,
				67558DC02579032B0001EA0C /* aoc_puzzle2.swift in Sources */,
				67B12666275E0097006E88CA /* 6.swift in Sources */,
				67558DCB257A3D290001EA0C /* aoc_puzzle4.swift in Sources */,
				67558DFE257EC1C10001EA0C /* aoc_puzzle6.swift in Sources */,
				67558E0725815C6B0001EA0C /* aoc_puzzle9.swift in Sources */,
				67558E01257FA2C50001EA0C /* aoc_puzzle7.swift in Sources */,
				67558DC5257918B90001EA0C /* util.swift in Sources */,
				67E6768B2759F304006D0A79 /* 3.swift in Sources */,
			);
			runOnlyForDeploymentPostprocessing = 0;
		};
		67558DD4257A4C860001EA0C /* Sources */ = {
			isa = PBXSourcesBuildPhase;
			buildActionMask = 2147483647;
			files = (
			);
			runOnlyForDeploymentPostprocessing = 0;
		};
		67558DE6257A51A50001EA0C /* Sources */ = {
			isa = PBXSourcesBuildPhase;
			buildActionMask = 2147483647;
			files = (
			);
			runOnlyForDeploymentPostprocessing = 0;
		};
/* End PBXSourcesBuildPhase section */

/* Begin XCBuildConfiguration section */
		67558DB42577B9B00001EA0C /* Debug */ = {
			isa = XCBuildConfiguration;
			buildSettings = {
				ALWAYS_SEARCH_USER_PATHS = NO;
				CLANG_ANALYZER_NONNULL = YES;
				CLANG_ANALYZER_NUMBER_OBJECT_CONVERSION = YES_AGGRESSIVE;
				CLANG_CXX_LANGUAGE_STANDARD = "gnu++14";
				CLANG_CXX_LIBRARY = "libc++";
				CLANG_ENABLE_MODULES = YES;
				CLANG_ENABLE_OBJC_ARC = YES;
				CLANG_ENABLE_OBJC_WEAK = YES;
				CLANG_WARN_BLOCK_CAPTURE_AUTORELEASING = YES;
				CLANG_WARN_BOOL_CONVERSION = YES;
				CLANG_WARN_COMMA = YES;
				CLANG_WARN_CONSTANT_CONVERSION = YES;
				CLANG_WARN_DEPRECATED_OBJC_IMPLEMENTATIONS = YES;
				CLANG_WARN_DIRECT_OBJC_ISA_USAGE = YES_ERROR;
				CLANG_WARN_DOCUMENTATION_COMMENTS = YES;
				CLANG_WARN_EMPTY_BODY = YES;
				CLANG_WARN_ENUM_CONVERSION = YES;
				CLANG_WARN_INFINITE_RECURSION = YES;
				CLANG_WARN_INT_CONVERSION = YES;
				CLANG_WARN_NON_LITERAL_NULL_CONVERSION = YES;
				CLANG_WARN_OBJC_IMPLICIT_RETAIN_SELF = YES;
				CLANG_WARN_OBJC_LITERAL_CONVERSION = YES;
				CLANG_WARN_OBJC_ROOT_CLASS = YES_ERROR;
				CLANG_WARN_RANGE_LOOP_ANALYSIS = YES;
				CLANG_WARN_STRICT_PROTOTYPES = YES;
				CLANG_WARN_SUSPICIOUS_MOVE = YES;
				CLANG_WARN_UNGUARDED_AVAILABILITY = YES_AGGRESSIVE;
				CLANG_WARN_UNREACHABLE_CODE = YES;
				CLANG_WARN__DUPLICATE_METHOD_MATCH = YES;
				COPY_PHASE_STRIP = NO;
				DEBUG_INFORMATION_FORMAT = dwarf;
				ENABLE_STRICT_OBJC_MSGSEND = YES;
				ENABLE_TESTABILITY = YES;
				GCC_C_LANGUAGE_STANDARD = gnu11;
				GCC_DYNAMIC_NO_PIC = NO;
				GCC_NO_COMMON_BLOCKS = YES;
				GCC_OPTIMIZATION_LEVEL = 0;
				GCC_PREPROCESSOR_DEFINITIONS = (
					"DEBUG=1",
					"$(inherited)",
				);
				GCC_WARN_64_TO_32_BIT_CONVERSION = YES;
				GCC_WARN_ABOUT_RETURN_TYPE = YES_ERROR;
				GCC_WARN_UNDECLARED_SELECTOR = YES;
				GCC_WARN_UNINITIALIZED_AUTOS = YES_AGGRESSIVE;
				GCC_WARN_UNUSED_FUNCTION = YES;
				GCC_WARN_UNUSED_VARIABLE = YES;
				MACOSX_DEPLOYMENT_TARGET = 10.15;
				MTL_ENABLE_DEBUG_INFO = INCLUDE_SOURCE;
				MTL_FAST_MATH = YES;
				ONLY_ACTIVE_ARCH = YES;
				SDKROOT = macosx;
				SWIFT_ACTIVE_COMPILATION_CONDITIONS = DEBUG;
				SWIFT_OPTIMIZATION_LEVEL = "-Onone";
			};
			name = Debug;
		};
		67558DB52577B9B00001EA0C /* Release */ = {
			isa = XCBuildConfiguration;
			buildSettings = {
				ALWAYS_SEARCH_USER_PATHS = NO;
				CLANG_ANALYZER_NONNULL = YES;
				CLANG_ANALYZER_NUMBER_OBJECT_CONVERSION = YES_AGGRESSIVE;
				CLANG_CXX_LANGUAGE_STANDARD = "gnu++14";
				CLANG_CXX_LIBRARY = "libc++";
				CLANG_ENABLE_MODULES = YES;
				CLANG_ENABLE_OBJC_ARC = YES;
				CLANG_ENABLE_OBJC_WEAK = YES;
				CLANG_WARN_BLOCK_CAPTURE_AUTORELEASING = YES;
				CLANG_WARN_BOOL_CONVERSION = YES;
				CLANG_WARN_COMMA = YES;
				CLANG_WARN_CONSTANT_CONVERSION = YES;
				CLANG_WARN_DEPRECATED_OBJC_IMPLEMENTATIONS = YES;
				CLANG_WARN_DIRECT_OBJC_ISA_USAGE = YES_ERROR;
				CLANG_WARN_DOCUMENTATION_COMMENTS = YES;
				CLANG_WARN_EMPTY_BODY = YES;
				CLANG_WARN_ENUM_CONVERSION = YES;
				CLANG_WARN_INFINITE_RECURSION = YES;
				CLANG_WARN_INT_CONVERSION = YES;
				CLANG_WARN_NON_LITERAL_NULL_CONVERSION = YES;
				CLANG_WARN_OBJC_IMPLICIT_RETAIN_SELF = YES;
				CLANG_WARN_OBJC_LITERAL_CONVERSION = YES;
				CLANG_WARN_OBJC_ROOT_CLASS = YES_ERROR;
				CLANG_WARN_RANGE_LOOP_ANALYSIS = YES;
				CLANG_WARN_STRICT_PROTOTYPES = YES;
				CLANG_WARN_SUSPICIOUS_MOVE = YES;
				CLANG_WARN_UNGUARDED_AVAILABILITY = YES_AGGRESSIVE;
				CLANG_WARN_UNREACHABLE_CODE = YES;
				CLANG_WARN__DUPLICATE_METHOD_MATCH = YES;
				COPY_PHASE_STRIP = NO;
				DEBUG_INFORMATION_FORMAT = "dwarf-with-dsym";
				ENABLE_NS_ASSERTIONS = NO;
				ENABLE_STRICT_OBJC_MSGSEND = YES;
				GCC_C_LANGUAGE_STANDARD = gnu11;
				GCC_NO_COMMON_BLOCKS = YES;
				GCC_WARN_64_TO_32_BIT_CONVERSION = YES;
				GCC_WARN_ABOUT_RETURN_TYPE = YES_ERROR;
				GCC_WARN_UNDECLARED_SELECTOR = YES;
				GCC_WARN_UNINITIALIZED_AUTOS = YES_AGGRESSIVE;
				GCC_WARN_UNUSED_FUNCTION = YES;
				GCC_WARN_UNUSED_VARIABLE = YES;
				MACOSX_DEPLOYMENT_TARGET = 10.15;
				MTL_ENABLE_DEBUG_INFO = NO;
				MTL_FAST_MATH = YES;
				SDKROOT = macosx;
				SWIFT_COMPILATION_MODE = wholemodule;
				SWIFT_OPTIMIZATION_LEVEL = "-O";
			};
			name = Release;
		};
		67558DB72577B9B00001EA0C /* Debug */ = {
			isa = XCBuildConfiguration;
			buildSettings = {
				CODE_SIGN_STYLE = Automatic;
				PRODUCT_NAME = "$(TARGET_NAME)";
				SWIFT_VERSION = 5.0;
			};
			name = Debug;
		};
		67558DB82577B9B00001EA0C /* Release */ = {
			isa = XCBuildConfiguration;
			buildSettings = {
				CODE_SIGN_STYLE = Automatic;
				PRODUCT_NAME = "$(TARGET_NAME)";
				SWIFT_VERSION = 5.0;
			};
			name = Release;
		};
		67558DDC257A4C860001EA0C /* Debug */ = {
			isa = XCBuildConfiguration;
			buildSettings = {
				CODE_SIGN_STYLE = Automatic;
				COMBINE_HIDPI_IMAGES = YES;
				INFOPLIST_FILE = inputs/Info.plist;
				INSTALL_PATH = "$(LOCAL_LIBRARY_DIR)/Bundles";
				PRODUCT_BUNDLE_IDENTIFIER = thomas.inputs;
				PRODUCT_NAME = "$(TARGET_NAME)";
				SKIP_INSTALL = YES;
				WRAPPER_EXTENSION = bundle;
			};
			name = Debug;
		};
		67558DDD257A4C860001EA0C /* Release */ = {
			isa = XCBuildConfiguration;
			buildSettings = {
				CODE_SIGN_STYLE = Automatic;
				COMBINE_HIDPI_IMAGES = YES;
				INFOPLIST_FILE = inputs/Info.plist;
				INSTALL_PATH = "$(LOCAL_LIBRARY_DIR)/Bundles";
				PRODUCT_BUNDLE_IDENTIFIER = thomas.inputs;
				PRODUCT_NAME = "$(TARGET_NAME)";
				SKIP_INSTALL = YES;
				WRAPPER_EXTENSION = bundle;
			};
			name = Release;
		};
		67558DEE257A51A50001EA0C /* Debug */ = {
			isa = XCBuildConfiguration;
			buildSettings = {
				CODE_SIGN_STYLE = Automatic;
				COMBINE_HIDPI_IMAGES = YES;
				INFOPLIST_FILE = ok/Info.plist;
				INSTALL_PATH = "$(LOCAL_LIBRARY_DIR)/Bundles";
				PRODUCT_BUNDLE_IDENTIFIER = thomas.ok;
				PRODUCT_NAME = "$(TARGET_NAME)";
				SKIP_INSTALL = YES;
				WRAPPER_EXTENSION = bundle;
			};
			name = Debug;
		};
		67558DEF257A51A50001EA0C /* Release */ = {
			isa = XCBuildConfiguration;
			buildSettings = {
				CODE_SIGN_STYLE = Automatic;
				COMBINE_HIDPI_IMAGES = YES;
				INFOPLIST_FILE = ok/Info.plist;
				INSTALL_PATH = "$(LOCAL_LIBRARY_DIR)/Bundles";
				PRODUCT_BUNDLE_IDENTIFIER = thomas.ok;
				PRODUCT_NAME = "$(TARGET_NAME)";
				SKIP_INSTALL = YES;
				WRAPPER_EXTENSION = bundle;
			};
			name = Release;
		};
/* End XCBuildConfiguration section */

/* Begin XCConfigurationList section */
		67558DAA2577B9B00001EA0C /* Build configuration list for PBXProject "advent_of_code" */ = {
			isa = XCConfigurationList;
			buildConfigurations = (
				67558DB42577B9B00001EA0C /* Debug */,
				67558DB52577B9B00001EA0C /* Release */,
			);
			defaultConfigurationIsVisible = 0;
			defaultConfigurationName = Release;
		};
		67558DB62577B9B00001EA0C /* Build configuration list for PBXNativeTarget "advent_of_code" */ = {
			isa = XCConfigurationList;
			buildConfigurations = (
				67558DB72577B9B00001EA0C /* Debug */,
				67558DB82577B9B00001EA0C /* Release */,
			);
			defaultConfigurationIsVisible = 0;
			defaultConfigurationName = Release;
		};
		67558DDB257A4C860001EA0C /* Build configuration list for PBXNativeTarget "inputs" */ = {
			isa = XCConfigurationList;
			buildConfigurations = (
				67558DDC257A4C860001EA0C /* Debug */,
				67558DDD257A4C860001EA0C /* Release */,
			);
			defaultConfigurationIsVisible = 0;
			defaultConfigurationName = Release;
		};
		67558DED257A51A50001EA0C /* Build configuration list for PBXNativeTarget "ok" */ = {
			isa = XCConfigurationList;
			buildConfigurations = (
				67558DEE257A51A50001EA0C /* Debug */,
				67558DEF257A51A50001EA0C /* Release */,
			);
			defaultConfigurationIsVisible = 0;
			defaultConfigurationName = Release;
		};
/* End XCConfigurationList section */
	};
	rootObject = 67558DA72577B9B00001EA0C /* Project object */;
}
